// !$*UTF8*$!
{
	archiveVersion = 1;
	classes = {
	};
	objectVersion = 46;
	objects = {

/* Begin PBXBuildFile section */
		C00A88151CBB2A38008B6465 /* CWTitleButton.m in Sources */ = {isa = PBXBuildFile; fileRef = C00A88141CBB2A38008B6465 /* CWTitleButton.m */; };
		C00A88191CBB5727008B6465 /* CWAllTopicTableViewController.m in Sources */ = {isa = PBXBuildFile; fileRef = C00A88181CBB5727008B6465 /* CWAllTopicTableViewController.m */; };
		C00A881C1CBB6B76008B6465 /* CWVideoTableViewController.m in Sources */ = {isa = PBXBuildFile; fileRef = C00A881B1CBB6B76008B6465 /* CWVideoTableViewController.m */; };
		C00A881F1CBB6BF4008B6465 /* CWVoiceTableViewController.m in Sources */ = {isa = PBXBuildFile; fileRef = C00A881E1CBB6BF4008B6465 /* CWVoiceTableViewController.m */; };
		C00A88221CBB6C24008B6465 /* CWPictureTableViewController.m in Sources */ = {isa = PBXBuildFile; fileRef = C00A88211CBB6C24008B6465 /* CWPictureTableViewController.m */; };
		C00A88251CBB6C4C008B6465 /* CWWordTableViewController.m in Sources */ = {isa = PBXBuildFile; fileRef = C00A88241CBB6C4C008B6465 /* CWWordTableViewController.m */; };
		C00A882B1CBBBA53008B6465 /* CWAllTopicCell.m in Sources */ = {isa = PBXBuildFile; fileRef = C00A882A1CBBBA53008B6465 /* CWAllTopicCell.m */; };
		C00A882D1CBBD42A008B6465 /* CWAllTopicCell.xib in Resources */ = {isa = PBXBuildFile; fileRef = C00A882C1CBBD42A008B6465 /* CWAllTopicCell.xib */; };
		C00A88321CBBDB74008B6465 /* CWTopic.m in Sources */ = {isa = PBXBuildFile; fileRef = C00A88311CBBDB74008B6465 /* CWTopic.m */; };
		C00A88351CBC992F008B6465 /* NSDate+CWExtension.m in Sources */ = {isa = PBXBuildFile; fileRef = C00A88341CBC992F008B6465 /* NSDate+CWExtension.m */; };
		C010D4621C8DA04D00441E94 /* main.m in Sources */ = {isa = PBXBuildFile; fileRef = C010D4611C8DA04D00441E94 /* main.m */; };
		C010D4651C8DA04D00441E94 /* AppDelegate.m in Sources */ = {isa = PBXBuildFile; fileRef = C010D4641C8DA04D00441E94 /* AppDelegate.m */; };
		C010D46D1C8DA04D00441E94 /* Assets.xcassets in Resources */ = {isa = PBXBuildFile; fileRef = C010D46C1C8DA04D00441E94 /* Assets.xcassets */; };
		C010D47B1C8DA04D00441E94 /* CWBSBDJTests.m in Sources */ = {isa = PBXBuildFile; fileRef = C010D47A1C8DA04D00441E94 /* CWBSBDJTests.m */; };
		C010D4861C8DA04D00441E94 /* CWBSBDJUITests.m in Sources */ = {isa = PBXBuildFile; fileRef = C010D4851C8DA04D00441E94 /* CWBSBDJUITests.m */; };
		C04917301CAA31EE00BC6600 /* CWRecommandTagViewController.m in Sources */ = {isa = PBXBuildFile; fileRef = C049172E1CAA31EE00BC6600 /* CWRecommandTagViewController.m */; };
		C04917351CAA32EF00BC6600 /* CWRecommandTagCell.m in Sources */ = {isa = PBXBuildFile; fileRef = C04917331CAA32EF00BC6600 /* CWRecommandTagCell.m */; };
		C04917361CAA32EF00BC6600 /* CWRecommandTagCell.xib in Resources */ = {isa = PBXBuildFile; fileRef = C04917341CAA32EF00BC6600 /* CWRecommandTagCell.xib */; };
		C04917391CAA372D00BC6600 /* CWRecommandTag.m in Sources */ = {isa = PBXBuildFile; fileRef = C04917381CAA372D00BC6600 /* CWRecommandTag.m */; };
		C049173F1CACD86D00BC6600 /* UIImage+CWCircleImage.m in Sources */ = {isa = PBXBuildFile; fileRef = C049173E1CACD86D00BC6600 /* UIImage+CWCircleImage.m */; };
		C07FF79A1CB4AD5A004CE729 /* NSObject+CWRuntime.m in Sources */ = {isa = PBXBuildFile; fileRef = C07FF7991CB4AD5A004CE729 /* NSObject+CWRuntime.m */; };
		C07FF79D1CB4B365004CE729 /* CWConst.m in Sources */ = {isa = PBXBuildFile; fileRef = C07FF79C1CB4B365004CE729 /* CWConst.m */; };
		C07FF7A31CB4F751004CE729 /* UIImageView+CWExtension.m in Sources */ = {isa = PBXBuildFile; fileRef = C07FF7A21CB4F751004CE729 /* UIImageView+CWExtension.m */; };
		C07FF7A61CB50953004CE729 /* CWMeCell.m in Sources */ = {isa = PBXBuildFile; fileRef = C07FF7A51CB50953004CE729 /* CWMeCell.m */; };
		C07FF7A91CB5EDDF004CE729 /* CWMeSquare.m in Sources */ = {isa = PBXBuildFile; fileRef = C07FF7A81CB5EDDE004CE729 /* CWMeSquare.m */; };
		C07FF7AC1CB5EF01004CE729 /* CWMeSquareButton.m in Sources */ = {isa = PBXBuildFile; fileRef = C07FF7AB1CB5EF01004CE729 /* CWMeSquareButton.m */; };
		C07FF7AF1CB5F00F004CE729 /* CWMeFootView.m in Sources */ = {isa = PBXBuildFile; fileRef = C07FF7AE1CB5F00F004CE729 /* CWMeFootView.m */; };
		C07FF7B21CB5FF96004CE729 /* CWHTTPSessionManager.m in Sources */ = {isa = PBXBuildFile; fileRef = C07FF7B11CB5FF96004CE729 /* CWHTTPSessionManager.m */; };
		C099A3EC1CA7D373003F06A0 /* CWEssenceViewController.m in Sources */ = {isa = PBXBuildFile; fileRef = C099A3C91CA7D373003F06A0 /* CWEssenceViewController.m */; };
		C099A3ED1CA7D373003F06A0 /* CWFriendTrendViewController.m in Sources */ = {isa = PBXBuildFile; fileRef = C099A3CF1CA7D373003F06A0 /* CWFriendTrendViewController.m */; };
		C099A3EE1CA7D373003F06A0 /* CWTabBarController.m in Sources */ = {isa = PBXBuildFile; fileRef = C099A3D51CA7D373003F06A0 /* CWTabBarController.m */; };
		C099A3EF1CA7D373003F06A0 /* CWTabar.m in Sources */ = {isa = PBXBuildFile; fileRef = C099A3D91CA7D373003F06A0 /* CWTabar.m */; };
		C099A3F01CA7D373003F06A0 /* CWMeViewController.m in Sources */ = {isa = PBXBuildFile; fileRef = C099A3DD1CA7D373003F06A0 /* CWMeViewController.m */; };
		C099A3F11CA7D373003F06A0 /* CWNewViewController.m in Sources */ = {isa = PBXBuildFile; fileRef = C099A3E31CA7D373003F06A0 /* CWNewViewController.m */; };
		C099A3F41CA7D676003F06A0 /* CWSettingViewController.m in Sources */ = {isa = PBXBuildFile; fileRef = C099A3F31CA7D676003F06A0 /* CWSettingViewController.m */; };
		C099A3F71CA7EBA0003F06A0 /* CWNavigationController.m in Sources */ = {isa = PBXBuildFile; fileRef = C099A3F61CA7EBA0003F06A0 /* CWNavigationController.m */; };
		C099A3FB1CA80EC2003F06A0 /* CWLoginRegisterViewController.m in Sources */ = {isa = PBXBuildFile; fileRef = C099A3F91CA80EC2003F06A0 /* CWLoginRegisterViewController.m */; };
		C099A3FC1CA80EC2003F06A0 /* CWLoginRegisterViewController.xib in Resources */ = {isa = PBXBuildFile; fileRef = C099A3FA1CA80EC2003F06A0 /* CWLoginRegisterViewController.xib */; };
		C099A3FE1CA80FE6003F06A0 /* CWFriendTrendViewController.xib in Resources */ = {isa = PBXBuildFile; fileRef = C099A3FD1CA80FE6003F06A0 /* CWFriendTrendViewController.xib */; };
		C099A4011CA8BAF9003F06A0 /* UIBarButtonItem+CWExtention.m in Sources */ = {isa = PBXBuildFile; fileRef = C099A4001CA8BAF9003F06A0 /* UIBarButtonItem+CWExtention.m */; };
		C099A4041CA8BFC1003F06A0 /* UIView+CWFrame.m in Sources */ = {isa = PBXBuildFile; fileRef = C099A4031CA8BFC1003F06A0 /* UIView+CWFrame.m */; };
		C099A4071CA914B6003F06A0 /* CWFastLoginRegisterButton.m in Sources */ = {isa = PBXBuildFile; fileRef = C099A4061CA914B6003F06A0 /* CWFastLoginRegisterButton.m */; };
		C099A40D1CA95314003F06A0 /* CWTextField.m in Sources */ = {isa = PBXBuildFile; fileRef = C099A40C1CA95314003F06A0 /* CWTextField.m */; };
		C0A76B871CB75FEA00BA7C98 /* CWWebViewController.m in Sources */ = {isa = PBXBuildFile; fileRef = C0A76B861CB75FEA00BA7C98 /* CWWebViewController.m */; };
		C0A76B891CB7604800BA7C98 /* CWWebViewController.xib in Resources */ = {isa = PBXBuildFile; fileRef = C0A76B881CB7604800BA7C98 /* CWWebViewController.xib */; };
		C0B19E541CB88B3C00839D0B /* NSString+FileSize.m in Sources */ = {isa = PBXBuildFile; fileRef = C0B19E531CB88B3C00839D0B /* NSString+FileSize.m */; };
		C0B19E571CB88EB800839D0B /* CWClearCacheCell.m in Sources */ = {isa = PBXBuildFile; fileRef = C0B19E561CB88EB800839D0B /* CWClearCacheCell.m */; };
		C0B19E591CB88F2800839D0B /* CWClearCacheCell.xib in Resources */ = {isa = PBXBuildFile; fileRef = C0B19E581CB88F2800839D0B /* CWClearCacheCell.xib */; };
		C0B19E5C1CB8926B00839D0B /* CWSettingCell.m in Sources */ = {isa = PBXBuildFile; fileRef = C0B19E5B1CB8926B00839D0B /* CWSettingCell.m */; };
		D75CE4EB6E415AA8635CE8FC /* Pods_CWBSBDJ.framework in Frameworks */ = {isa = PBXBuildFile; fileRef = 7B1EFD93FFC2B0456990BD89 /* Pods_CWBSBDJ.framework */; };
/* End PBXBuildFile section */

/* Begin PBXContainerItemProxy section */
		C010D4771C8DA04D00441E94 /* PBXContainerItemProxy */ = {
			isa = PBXContainerItemProxy;
			containerPortal = C010D4551C8DA04D00441E94 /* Project object */;
			proxyType = 1;
			remoteGlobalIDString = C010D45C1C8DA04D00441E94;
			remoteInfo = CWBSBDJ;
		};
		C010D4821C8DA04D00441E94 /* PBXContainerItemProxy */ = {
			isa = PBXContainerItemProxy;
			containerPortal = C010D4551C8DA04D00441E94 /* Project object */;
			proxyType = 1;
			remoteGlobalIDString = C010D45C1C8DA04D00441E94;
			remoteInfo = CWBSBDJ;
		};
/* End PBXContainerItemProxy section */

/* Begin PBXCopyFilesBuildPhase section */
		C00A88381CBCAE55008B6465 /* CopyFiles */ = {
			isa = PBXCopyFilesBuildPhase;
			buildActionMask = 2147483647;
			dstPath = /usr/share/man/man1/;
			dstSubfolderSpec = 0;
			files = (
			);
			runOnlyForDeploymentPostprocessing = 1;
		};
/* End PBXCopyFilesBuildPhase section */

/* Begin PBXFileReference section */
		4062D9BA8BC7BD0837FFCB89 /* Pods-CWBSBDJ.debug.xcconfig */ = {isa = PBXFileReference; includeInIndex = 1; lastKnownFileType = text.xcconfig; name = "Pods-CWBSBDJ.debug.xcconfig"; path = "Pods/Target Support Files/Pods-CWBSBDJ/Pods-CWBSBDJ.debug.xcconfig"; sourceTree = "<group>"; };
		71C039388C31243C86E03200 /* Pods-CWBSBDJ.release.xcconfig */ = {isa = PBXFileReference; includeInIndex = 1; lastKnownFileType = text.xcconfig; name = "Pods-CWBSBDJ.release.xcconfig"; path = "Pods/Target Support Files/Pods-CWBSBDJ/Pods-CWBSBDJ.release.xcconfig"; sourceTree = "<group>"; };
		7B1EFD93FFC2B0456990BD89 /* Pods_CWBSBDJ.framework */ = {isa = PBXFileReference; explicitFileType = wrapper.framework; includeInIndex = 0; path = Pods_CWBSBDJ.framework; sourceTree = BUILT_PRODUCTS_DIR; };
		C00A88131CBB2A38008B6465 /* CWTitleButton.h */ = {isa = PBXFileReference; fileEncoding = 4; lastKnownFileType = sourcecode.c.h; path = CWTitleButton.h; sourceTree = "<group>"; };
		C00A88141CBB2A38008B6465 /* CWTitleButton.m */ = {isa = PBXFileReference; fileEncoding = 4; lastKnownFileType = sourcecode.c.objc; path = CWTitleButton.m; sourceTree = "<group>"; };
		C00A88171CBB5727008B6465 /* CWAllTopicTableViewController.h */ = {isa = PBXFileReference; fileEncoding = 4; lastKnownFileType = sourcecode.c.h; path = CWAllTopicTableViewController.h; sourceTree = "<group>"; };
		C00A88181CBB5727008B6465 /* CWAllTopicTableViewController.m */ = {isa = PBXFileReference; fileEncoding = 4; lastKnownFileType = sourcecode.c.objc; path = CWAllTopicTableViewController.m; sourceTree = "<group>"; };
		C00A881A1CBB6B76008B6465 /* CWVideoTableViewController.h */ = {isa = PBXFileReference; fileEncoding = 4; lastKnownFileType = sourcecode.c.h; path = CWVideoTableViewController.h; sourceTree = "<group>"; };
		C00A881B1CBB6B76008B6465 /* CWVideoTableViewController.m */ = {isa = PBXFileReference; fileEncoding = 4; lastKnownFileType = sourcecode.c.objc; path = CWVideoTableViewController.m; sourceTree = "<group>"; };
		C00A881D1CBB6BF4008B6465 /* CWVoiceTableViewController.h */ = {isa = PBXFileReference; fileEncoding = 4; lastKnownFileType = sourcecode.c.h; path = CWVoiceTableViewController.h; sourceTree = "<group>"; };
		C00A881E1CBB6BF4008B6465 /* CWVoiceTableViewController.m */ = {isa = PBXFileReference; fileEncoding = 4; lastKnownFileType = sourcecode.c.objc; path = CWVoiceTableViewController.m; sourceTree = "<group>"; };
		C00A88201CBB6C24008B6465 /* CWPictureTableViewController.h */ = {isa = PBXFileReference; fileEncoding = 4; lastKnownFileType = sourcecode.c.h; path = CWPictureTableViewController.h; sourceTree = "<group>"; };
		C00A88211CBB6C24008B6465 /* CWPictureTableViewController.m */ = {isa = PBXFileReference; fileEncoding = 4; lastKnownFileType = sourcecode.c.objc; path = CWPictureTableViewController.m; sourceTree = "<group>"; };
		C00A88231CBB6C4C008B6465 /* CWWordTableViewController.h */ = {isa = PBXFileReference; fileEncoding = 4; lastKnownFileType = sourcecode.c.h; path = CWWordTableViewController.h; sourceTree = "<group>"; };
		C00A88241CBB6C4C008B6465 /* CWWordTableViewController.m */ = {isa = PBXFileReference; fileEncoding = 4; lastKnownFileType = sourcecode.c.objc; path = CWWordTableViewController.m; sourceTree = "<group>"; };
		C00A88291CBBBA53008B6465 /* CWAllTopicCell.h */ = {isa = PBXFileReference; fileEncoding = 4; lastKnownFileType = sourcecode.c.h; path = CWAllTopicCell.h; sourceTree = "<group>"; };
		C00A882A1CBBBA53008B6465 /* CWAllTopicCell.m */ = {isa = PBXFileReference; fileEncoding = 4; lastKnownFileType = sourcecode.c.objc; path = CWAllTopicCell.m; sourceTree = "<group>"; };
		C00A882C1CBBD42A008B6465 /* CWAllTopicCell.xib */ = {isa = PBXFileReference; fileEncoding = 4; lastKnownFileType = file.xib; path = CWAllTopicCell.xib; sourceTree = "<group>"; };
		C00A88301CBBDB74008B6465 /* CWTopic.h */ = {isa = PBXFileReference; fileEncoding = 4; lastKnownFileType = sourcecode.c.h; path = CWTopic.h; sourceTree = "<group>"; };
		C00A88311CBBDB74008B6465 /* CWTopic.m */ = {isa = PBXFileReference; fileEncoding = 4; lastKnownFileType = sourcecode.c.objc; path = CWTopic.m; sourceTree = "<group>"; };
		C00A88331CBC992F008B6465 /* NSDate+CWExtension.h */ = {isa = PBXFileReference; fileEncoding = 4; lastKnownFileType = sourcecode.c.h; path = "NSDate+CWExtension.h"; sourceTree = "<group>"; };
		C00A88341CBC992F008B6465 /* NSDate+CWExtension.m */ = {isa = PBXFileReference; fileEncoding = 4; lastKnownFileType = sourcecode.c.objc; path = "NSDate+CWExtension.m"; sourceTree = "<group>"; };
		C00A883A1CBCAE55008B6465 /* NSDate */ = {isa = PBXFileReference; explicitFileType = "compiled.mach-o.executable"; includeInIndex = 0; path = NSDate; sourceTree = BUILT_PRODUCTS_DIR; };
		C010D45D1C8DA04D00441E94 /* CWBSBDJ.app */ = {isa = PBXFileReference; explicitFileType = wrapper.application; includeInIndex = 0; path = CWBSBDJ.app; sourceTree = BUILT_PRODUCTS_DIR; };
		C010D4611C8DA04D00441E94 /* main.m */ = {isa = PBXFileReference; lastKnownFileType = sourcecode.c.objc; path = main.m; sourceTree = "<group>"; };
		C010D4631C8DA04D00441E94 /* AppDelegate.h */ = {isa = PBXFileReference; lastKnownFileType = sourcecode.c.h; path = AppDelegate.h; sourceTree = "<group>"; };
		C010D4641C8DA04D00441E94 /* AppDelegate.m */ = {isa = PBXFileReference; lastKnownFileType = sourcecode.c.objc; path = AppDelegate.m; sourceTree = "<group>"; };
		C010D46C1C8DA04D00441E94 /* Assets.xcassets */ = {isa = PBXFileReference; lastKnownFileType = folder.assetcatalog; path = Assets.xcassets; sourceTree = "<group>"; };
		C010D4711C8DA04D00441E94 /* Info.plist */ = {isa = PBXFileReference; lastKnownFileType = text.plist.xml; path = Info.plist; sourceTree = "<group>"; };
		C010D4761C8DA04D00441E94 /* CWBSBDJTests.xctest */ = {isa = PBXFileReference; explicitFileType = wrapper.cfbundle; includeInIndex = 0; path = CWBSBDJTests.xctest; sourceTree = BUILT_PRODUCTS_DIR; };
		C010D47A1C8DA04D00441E94 /* CWBSBDJTests.m */ = {isa = PBXFileReference; lastKnownFileType = sourcecode.c.objc; path = CWBSBDJTests.m; sourceTree = "<group>"; };
		C010D47C1C8DA04D00441E94 /* Info.plist */ = {isa = PBXFileReference; lastKnownFileType = text.plist.xml; path = Info.plist; sourceTree = "<group>"; };
		C010D4811C8DA04D00441E94 /* CWBSBDJUITests.xctest */ = {isa = PBXFileReference; explicitFileType = wrapper.cfbundle; includeInIndex = 0; path = CWBSBDJUITests.xctest; sourceTree = BUILT_PRODUCTS_DIR; };
		C010D4851C8DA04D00441E94 /* CWBSBDJUITests.m */ = {isa = PBXFileReference; lastKnownFileType = sourcecode.c.objc; path = CWBSBDJUITests.m; sourceTree = "<group>"; };
		C010D4871C8DA04D00441E94 /* Info.plist */ = {isa = PBXFileReference; lastKnownFileType = text.plist.xml; path = Info.plist; sourceTree = "<group>"; };
		C049172D1CAA31EE00BC6600 /* CWRecommandTagViewController.h */ = {isa = PBXFileReference; fileEncoding = 4; lastKnownFileType = sourcecode.c.h; path = CWRecommandTagViewController.h; sourceTree = "<group>"; };
		C049172E1CAA31EE00BC6600 /* CWRecommandTagViewController.m */ = {isa = PBXFileReference; fileEncoding = 4; lastKnownFileType = sourcecode.c.objc; path = CWRecommandTagViewController.m; sourceTree = "<group>"; };
		C04917321CAA32EF00BC6600 /* CWRecommandTagCell.h */ = {isa = PBXFileReference; fileEncoding = 4; lastKnownFileType = sourcecode.c.h; path = CWRecommandTagCell.h; sourceTree = "<group>"; };
		C04917331CAA32EF00BC6600 /* CWRecommandTagCell.m */ = {isa = PBXFileReference; fileEncoding = 4; lastKnownFileType = sourcecode.c.objc; path = CWRecommandTagCell.m; sourceTree = "<group>"; };
		C04917341CAA32EF00BC6600 /* CWRecommandTagCell.xib */ = {isa = PBXFileReference; fileEncoding = 4; lastKnownFileType = file.xib; path = CWRecommandTagCell.xib; sourceTree = "<group>"; };
		C04917371CAA372D00BC6600 /* CWRecommandTag.h */ = {isa = PBXFileReference; fileEncoding = 4; lastKnownFileType = sourcecode.c.h; path = CWRecommandTag.h; sourceTree = "<group>"; };
		C04917381CAA372D00BC6600 /* CWRecommandTag.m */ = {isa = PBXFileReference; fileEncoding = 4; lastKnownFileType = sourcecode.c.objc; path = CWRecommandTag.m; sourceTree = "<group>"; };
		C049173D1CACD86D00BC6600 /* UIImage+CWCircleImage.h */ = {isa = PBXFileReference; fileEncoding = 4; lastKnownFileType = sourcecode.c.h; path = "UIImage+CWCircleImage.h"; sourceTree = "<group>"; };
		C049173E1CACD86D00BC6600 /* UIImage+CWCircleImage.m */ = {isa = PBXFileReference; fileEncoding = 4; lastKnownFileType = sourcecode.c.objc; path = "UIImage+CWCircleImage.m"; sourceTree = "<group>"; };
		C07FF7981CB4AD5A004CE729 /* NSObject+CWRuntime.h */ = {isa = PBXFileReference; fileEncoding = 4; lastKnownFileType = sourcecode.c.h; path = "NSObject+CWRuntime.h"; sourceTree = "<group>"; };
		C07FF7991CB4AD5A004CE729 /* NSObject+CWRuntime.m */ = {isa = PBXFileReference; fileEncoding = 4; lastKnownFileType = sourcecode.c.objc; path = "NSObject+CWRuntime.m"; sourceTree = "<group>"; };
		C07FF79B1CB4B365004CE729 /* CWConst.h */ = {isa = PBXFileReference; fileEncoding = 4; lastKnownFileType = sourcecode.c.h; path = CWConst.h; sourceTree = "<group>"; };
		C07FF79C1CB4B365004CE729 /* CWConst.m */ = {isa = PBXFileReference; fileEncoding = 4; lastKnownFileType = sourcecode.c.objc; path = CWConst.m; sourceTree = "<group>"; };
		C07FF7A11CB4F751004CE729 /* UIImageView+CWExtension.h */ = {isa = PBXFileReference; fileEncoding = 4; lastKnownFileType = sourcecode.c.h; path = "UIImageView+CWExtension.h"; sourceTree = "<group>"; };
		C07FF7A21CB4F751004CE729 /* UIImageView+CWExtension.m */ = {isa = PBXFileReference; fileEncoding = 4; lastKnownFileType = sourcecode.c.objc; path = "UIImageView+CWExtension.m"; sourceTree = "<group>"; };
		C07FF7A41CB50953004CE729 /* CWMeCell.h */ = {isa = PBXFileReference; fileEncoding = 4; lastKnownFileType = sourcecode.c.h; path = CWMeCell.h; sourceTree = "<group>"; };
		C07FF7A51CB50953004CE729 /* CWMeCell.m */ = {isa = PBXFileReference; fileEncoding = 4; lastKnownFileType = sourcecode.c.objc; path = CWMeCell.m; sourceTree = "<group>"; };
		C07FF7A71CB5EDDE004CE729 /* CWMeSquare.h */ = {isa = PBXFileReference; fileEncoding = 4; lastKnownFileType = sourcecode.c.h; path = CWMeSquare.h; sourceTree = "<group>"; };
		C07FF7A81CB5EDDE004CE729 /* CWMeSquare.m */ = {isa = PBXFileReference; fileEncoding = 4; lastKnownFileType = sourcecode.c.objc; path = CWMeSquare.m; sourceTree = "<group>"; };
		C07FF7AA1CB5EF01004CE729 /* CWMeSquareButton.h */ = {isa = PBXFileReference; fileEncoding = 4; lastKnownFileType = sourcecode.c.h; path = CWMeSquareButton.h; sourceTree = "<group>"; };
		C07FF7AB1CB5EF01004CE729 /* CWMeSquareButton.m */ = {isa = PBXFileReference; fileEncoding = 4; lastKnownFileType = sourcecode.c.objc; path = CWMeSquareButton.m; sourceTree = "<group>"; };
		C07FF7AD1CB5F00F004CE729 /* CWMeFootView.h */ = {isa = PBXFileReference; fileEncoding = 4; lastKnownFileType = sourcecode.c.h; path = CWMeFootView.h; sourceTree = "<group>"; };
		C07FF7AE1CB5F00F004CE729 /* CWMeFootView.m */ = {isa = PBXFileReference; fileEncoding = 4; lastKnownFileType = sourcecode.c.objc; path = CWMeFootView.m; sourceTree = "<group>"; };
		C07FF7B01CB5FF96004CE729 /* CWHTTPSessionManager.h */ = {isa = PBXFileReference; fileEncoding = 4; lastKnownFileType = sourcecode.c.h; path = CWHTTPSessionManager.h; sourceTree = "<group>"; };
		C07FF7B11CB5FF96004CE729 /* CWHTTPSessionManager.m */ = {isa = PBXFileReference; fileEncoding = 4; lastKnownFileType = sourcecode.c.objc; path = CWHTTPSessionManager.m; sourceTree = "<group>"; };
		C099A3C81CA7D373003F06A0 /* CWEssenceViewController.h */ = {isa = PBXFileReference; fileEncoding = 4; lastKnownFileType = sourcecode.c.h; path = CWEssenceViewController.h; sourceTree = "<group>"; };
		C099A3C91CA7D373003F06A0 /* CWEssenceViewController.m */ = {isa = PBXFileReference; fileEncoding = 4; lastKnownFileType = sourcecode.c.objc; path = CWEssenceViewController.m; sourceTree = "<group>"; };
		C099A3CE1CA7D373003F06A0 /* CWFriendTrendViewController.h */ = {isa = PBXFileReference; fileEncoding = 4; lastKnownFileType = sourcecode.c.h; path = CWFriendTrendViewController.h; sourceTree = "<group>"; };
		C099A3CF1CA7D373003F06A0 /* CWFriendTrendViewController.m */ = {isa = PBXFileReference; fileEncoding = 4; lastKnownFileType = sourcecode.c.objc; path = CWFriendTrendViewController.m; sourceTree = "<group>"; };
		C099A3D41CA7D373003F06A0 /* CWTabBarController.h */ = {isa = PBXFileReference; fileEncoding = 4; lastKnownFileType = sourcecode.c.h; path = CWTabBarController.h; sourceTree = "<group>"; };
		C099A3D51CA7D373003F06A0 /* CWTabBarController.m */ = {isa = PBXFileReference; fileEncoding = 4; lastKnownFileType = sourcecode.c.objc; path = CWTabBarController.m; sourceTree = "<group>"; };
		C099A3D81CA7D373003F06A0 /* CWTabar.h */ = {isa = PBXFileReference; fileEncoding = 4; lastKnownFileType = sourcecode.c.h; path = CWTabar.h; sourceTree = "<group>"; };
		C099A3D91CA7D373003F06A0 /* CWTabar.m */ = {isa = PBXFileReference; fileEncoding = 4; lastKnownFileType = sourcecode.c.objc; path = CWTabar.m; sourceTree = "<group>"; };
		C099A3DC1CA7D373003F06A0 /* CWMeViewController.h */ = {isa = PBXFileReference; fileEncoding = 4; lastKnownFileType = sourcecode.c.h; path = CWMeViewController.h; sourceTree = "<group>"; };
		C099A3DD1CA7D373003F06A0 /* CWMeViewController.m */ = {isa = PBXFileReference; fileEncoding = 4; lastKnownFileType = sourcecode.c.objc; path = CWMeViewController.m; sourceTree = "<group>"; };
		C099A3E21CA7D373003F06A0 /* CWNewViewController.h */ = {isa = PBXFileReference; fileEncoding = 4; lastKnownFileType = sourcecode.c.h; path = CWNewViewController.h; sourceTree = "<group>"; };
		C099A3E31CA7D373003F06A0 /* CWNewViewController.m */ = {isa = PBXFileReference; fileEncoding = 4; lastKnownFileType = sourcecode.c.objc; path = CWNewViewController.m; sourceTree = "<group>"; };
		C099A3EA1CA7D373003F06A0 /* PrefixHeader.pch */ = {isa = PBXFileReference; fileEncoding = 4; lastKnownFileType = sourcecode.c.h; path = PrefixHeader.pch; sourceTree = "<group>"; };
		C099A3F21CA7D676003F06A0 /* CWSettingViewController.h */ = {isa = PBXFileReference; fileEncoding = 4; lastKnownFileType = sourcecode.c.h; path = CWSettingViewController.h; sourceTree = "<group>"; };
		C099A3F31CA7D676003F06A0 /* CWSettingViewController.m */ = {isa = PBXFileReference; fileEncoding = 4; lastKnownFileType = sourcecode.c.objc; path = CWSettingViewController.m; sourceTree = "<group>"; };
		C099A3F51CA7EBA0003F06A0 /* CWNavigationController.h */ = {isa = PBXFileReference; fileEncoding = 4; lastKnownFileType = sourcecode.c.h; path = CWNavigationController.h; sourceTree = "<group>"; };
		C099A3F61CA7EBA0003F06A0 /* CWNavigationController.m */ = {isa = PBXFileReference; fileEncoding = 4; lastKnownFileType = sourcecode.c.objc; path = CWNavigationController.m; sourceTree = "<group>"; };
		C099A3F81CA80EC2003F06A0 /* CWLoginRegisterViewController.h */ = {isa = PBXFileReference; fileEncoding = 4; lastKnownFileType = sourcecode.c.h; path = CWLoginRegisterViewController.h; sourceTree = "<group>"; };
		C099A3F91CA80EC2003F06A0 /* CWLoginRegisterViewController.m */ = {isa = PBXFileReference; fileEncoding = 4; lastKnownFileType = sourcecode.c.objc; path = CWLoginRegisterViewController.m; sourceTree = "<group>"; };
		C099A3FA1CA80EC2003F06A0 /* CWLoginRegisterViewController.xib */ = {isa = PBXFileReference; fileEncoding = 4; lastKnownFileType = file.xib; path = CWLoginRegisterViewController.xib; sourceTree = "<group>"; };
		C099A3FD1CA80FE6003F06A0 /* CWFriendTrendViewController.xib */ = {isa = PBXFileReference; fileEncoding = 4; lastKnownFileType = file.xib; path = CWFriendTrendViewController.xib; sourceTree = "<group>"; };
		C099A3FF1CA8BAF9003F06A0 /* UIBarButtonItem+CWExtention.h */ = {isa = PBXFileReference; fileEncoding = 4; lastKnownFileType = sourcecode.c.h; path = "UIBarButtonItem+CWExtention.h"; sourceTree = "<group>"; };
		C099A4001CA8BAF9003F06A0 /* UIBarButtonItem+CWExtention.m */ = {isa = PBXFileReference; fileEncoding = 4; lastKnownFileType = sourcecode.c.objc; path = "UIBarButtonItem+CWExtention.m"; sourceTree = "<group>"; };
		C099A4021CA8BFC0003F06A0 /* UIView+CWFrame.h */ = {isa = PBXFileReference; fileEncoding = 4; lastKnownFileType = sourcecode.c.h; path = "UIView+CWFrame.h"; sourceTree = "<group>"; };
		C099A4031CA8BFC1003F06A0 /* UIView+CWFrame.m */ = {isa = PBXFileReference; fileEncoding = 4; lastKnownFileType = sourcecode.c.objc; path = "UIView+CWFrame.m"; sourceTree = "<group>"; };
		C099A4051CA914B6003F06A0 /* CWFastLoginRegisterButton.h */ = {isa = PBXFileReference; fileEncoding = 4; lastKnownFileType = sourcecode.c.h; path = CWFastLoginRegisterButton.h; sourceTree = "<group>"; };
		C099A4061CA914B6003F06A0 /* CWFastLoginRegisterButton.m */ = {isa = PBXFileReference; fileEncoding = 4; lastKnownFileType = sourcecode.c.objc; path = CWFastLoginRegisterButton.m; sourceTree = "<group>"; };
		C099A40B1CA95314003F06A0 /* CWTextField.h */ = {isa = PBXFileReference; fileEncoding = 4; lastKnownFileType = sourcecode.c.h; path = CWTextField.h; sourceTree = "<group>"; };
		C099A40C1CA95314003F06A0 /* CWTextField.m */ = {isa = PBXFileReference; fileEncoding = 4; lastKnownFileType = sourcecode.c.objc; path = CWTextField.m; sourceTree = "<group>"; };
		C0A76B851CB75FEA00BA7C98 /* CWWebViewController.h */ = {isa = PBXFileReference; fileEncoding = 4; lastKnownFileType = sourcecode.c.h; path = CWWebViewController.h; sourceTree = "<group>"; };
		C0A76B861CB75FEA00BA7C98 /* CWWebViewController.m */ = {isa = PBXFileReference; fileEncoding = 4; lastKnownFileType = sourcecode.c.objc; path = CWWebViewController.m; sourceTree = "<group>"; };
		C0A76B881CB7604800BA7C98 /* CWWebViewController.xib */ = {isa = PBXFileReference; fileEncoding = 4; lastKnownFileType = file.xib; path = CWWebViewController.xib; sourceTree = "<group>"; };
		C0B19E521CB88B3C00839D0B /* NSString+FileSize.h */ = {isa = PBXFileReference; fileEncoding = 4; lastKnownFileType = sourcecode.c.h; path = "NSString+FileSize.h"; sourceTree = "<group>"; };
		C0B19E531CB88B3C00839D0B /* NSString+FileSize.m */ = {isa = PBXFileReference; fileEncoding = 4; lastKnownFileType = sourcecode.c.objc; path = "NSString+FileSize.m"; sourceTree = "<group>"; };
		C0B19E551CB88EB800839D0B /* CWClearCacheCell.h */ = {isa = PBXFileReference; fileEncoding = 4; lastKnownFileType = sourcecode.c.h; path = CWClearCacheCell.h; sourceTree = "<group>"; };
		C0B19E561CB88EB800839D0B /* CWClearCacheCell.m */ = {isa = PBXFileReference; fileEncoding = 4; lastKnownFileType = sourcecode.c.objc; path = CWClearCacheCell.m; sourceTree = "<group>"; };
		C0B19E581CB88F2800839D0B /* CWClearCacheCell.xib */ = {isa = PBXFileReference; fileEncoding = 4; lastKnownFileType = file.xib; path = CWClearCacheCell.xib; sourceTree = "<group>"; };
		C0B19E5A1CB8926B00839D0B /* CWSettingCell.h */ = {isa = PBXFileReference; fileEncoding = 4; lastKnownFileType = sourcecode.c.h; path = CWSettingCell.h; sourceTree = "<group>"; };
		C0B19E5B1CB8926B00839D0B /* CWSettingCell.m */ = {isa = PBXFileReference; fileEncoding = 4; lastKnownFileType = sourcecode.c.objc; path = CWSettingCell.m; sourceTree = "<group>"; };
/* End PBXFileReference section */

/* Begin PBXFrameworksBuildPhase section */
		C00A88371CBCAE55008B6465 /* Frameworks */ = {
			isa = PBXFrameworksBuildPhase;
			buildActionMask = 2147483647;
			files = (
			);
			runOnlyForDeploymentPostprocessing = 0;
		};
		C010D45A1C8DA04D00441E94 /* Frameworks */ = {
			isa = PBXFrameworksBuildPhase;
			buildActionMask = 2147483647;
			files = (
				D75CE4EB6E415AA8635CE8FC /* Pods_CWBSBDJ.framework in Frameworks */,
			);
			runOnlyForDeploymentPostprocessing = 0;
		};
		C010D4731C8DA04D00441E94 /* Frameworks */ = {
			isa = PBXFrameworksBuildPhase;
			buildActionMask = 2147483647;
			files = (
			);
			runOnlyForDeploymentPostprocessing = 0;
		};
		C010D47E1C8DA04D00441E94 /* Frameworks */ = {
			isa = PBXFrameworksBuildPhase;
			buildActionMask = 2147483647;
			files = (
			);
			runOnlyForDeploymentPostprocessing = 0;
		};
/* End PBXFrameworksBuildPhase section */

/* Begin PBXGroup section */
		70D2476BDA4A9717537B9BDC /* Pods */ = {
			isa = PBXGroup;
			children = (
				4062D9BA8BC7BD0837FFCB89 /* Pods-CWBSBDJ.debug.xcconfig */,
				71C039388C31243C86E03200 /* Pods-CWBSBDJ.release.xcconfig */,
			);
			name = Pods;
			sourceTree = "<group>";
		};
		7FAF459E6EF2E029B155153F /* Frameworks */ = {
			isa = PBXGroup;
			children = (
				7B1EFD93FFC2B0456990BD89 /* Pods_CWBSBDJ.framework */,
			);
			name = Frameworks;
			sourceTree = "<group>";
		};
		C00A88161CBB56F9008B6465 /* TopicController */ = {
			isa = PBXGroup;
			children = (
				C00A88171CBB5727008B6465 /* CWAllTopicTableViewController.h */,
				C00A88181CBB5727008B6465 /* CWAllTopicTableViewController.m */,
				C00A881A1CBB6B76008B6465 /* CWVideoTableViewController.h */,
				C00A881B1CBB6B76008B6465 /* CWVideoTableViewController.m */,
				C00A881D1CBB6BF4008B6465 /* CWVoiceTableViewController.h */,
				C00A881E1CBB6BF4008B6465 /* CWVoiceTableViewController.m */,
				C00A88201CBB6C24008B6465 /* CWPictureTableViewController.h */,
				C00A88211CBB6C24008B6465 /* CWPictureTableViewController.m */,
				C00A88231CBB6C4C008B6465 /* CWWordTableViewController.h */,
				C00A88241CBB6C4C008B6465 /* CWWordTableViewController.m */,
			);
			path = TopicController;
			sourceTree = "<group>";
		};
		C010D4541C8DA04D00441E94 = {
			isa = PBXGroup;
			children = (
				C010D45F1C8DA04D00441E94 /* CWBSBDJ */,
				C010D4791C8DA04D00441E94 /* CWBSBDJTests */,
				C010D4841C8DA04D00441E94 /* CWBSBDJUITests */,
				C010D45E1C8DA04D00441E94 /* Products */,
				70D2476BDA4A9717537B9BDC /* Pods */,
				7FAF459E6EF2E029B155153F /* Frameworks */,
			);
			sourceTree = "<group>";
		};
		C010D45E1C8DA04D00441E94 /* Products */ = {
			isa = PBXGroup;
			children = (
				C010D45D1C8DA04D00441E94 /* CWBSBDJ.app */,
				C010D4761C8DA04D00441E94 /* CWBSBDJTests.xctest */,
				C010D4811C8DA04D00441E94 /* CWBSBDJUITests.xctest */,
				C00A883A1CBCAE55008B6465 /* NSDate */,
			);
			name = Products;
			sourceTree = "<group>";
		};
		C010D45F1C8DA04D00441E94 /* CWBSBDJ */ = {
			isa = PBXGroup;
			children = (
				C010D4631C8DA04D00441E94 /* AppDelegate.h */,
				C010D4641C8DA04D00441E94 /* AppDelegate.m */,
				C099A3C51CA7D373003F06A0 /* Classes */,
				C010D46C1C8DA04D00441E94 /* Assets.xcassets */,
				C010D4601C8DA04D00441E94 /* Supporting Files */,
			);
			path = CWBSBDJ;
			sourceTree = "<group>";
		};
		C010D4601C8DA04D00441E94 /* Supporting Files */ = {
			isa = PBXGroup;
			children = (
				C010D4711C8DA04D00441E94 /* Info.plist */,
				C010D4611C8DA04D00441E94 /* main.m */,
			);
			name = "Supporting Files";
			sourceTree = "<group>";
		};
		C010D4791C8DA04D00441E94 /* CWBSBDJTests */ = {
			isa = PBXGroup;
			children = (
				C010D47A1C8DA04D00441E94 /* CWBSBDJTests.m */,
				C010D47C1C8DA04D00441E94 /* Info.plist */,
			);
			path = CWBSBDJTests;
			sourceTree = "<group>";
		};
		C010D4841C8DA04D00441E94 /* CWBSBDJUITests */ = {
			isa = PBXGroup;
			children = (
				C010D4851C8DA04D00441E94 /* CWBSBDJUITests.m */,
				C010D4871C8DA04D00441E94 /* Info.plist */,
			);
			path = CWBSBDJUITests;
			sourceTree = "<group>";
		};
		C099A3C51CA7D373003F06A0 /* Classes */ = {
			isa = PBXGroup;
			children = (
				C099A3D21CA7D373003F06A0 /* Main-主要 */,
				C099A3C61CA7D373003F06A0 /* Essence-精华 */,
				C099A3E01CA7D373003F06A0 /* New-新帖 */,
				C099A3CC1CA7D373003F06A0 /* FriendTrend-关注 */,
				C099A3DA1CA7D373003F06A0 /* Me-我 */,
				C099A3E61CA7D373003F06A0 /* Other-其它 */,
			);
			path = Classes;
			sourceTree = "<group>";
		};
		C099A3C61CA7D373003F06A0 /* Essence-精华 */ = {
			isa = PBXGroup;
			children = (
				C099A3C71CA7D373003F06A0 /* Controller */,
				C099A3CA1CA7D373003F06A0 /* Model */,
				C099A3CB1CA7D373003F06A0 /* View */,
			);
			path = "Essence-精华";
			sourceTree = "<group>";
		};
		C099A3C71CA7D373003F06A0 /* Controller */ = {
			isa = PBXGroup;
			children = (
				C099A3C81CA7D373003F06A0 /* CWEssenceViewController.h */,
				C099A3C91CA7D373003F06A0 /* CWEssenceViewController.m */,
				C00A88161CBB56F9008B6465 /* TopicController */,
				C049172D1CAA31EE00BC6600 /* CWRecommandTagViewController.h */,
				C049172E1CAA31EE00BC6600 /* CWRecommandTagViewController.m */,
			);
			path = Controller;
			sourceTree = "<group>";
		};
		C099A3CA1CA7D373003F06A0 /* Model */ = {
			isa = PBXGroup;
			children = (
				C00A88301CBBDB74008B6465 /* CWTopic.h */,
				C00A88311CBBDB74008B6465 /* CWTopic.m */,
				C04917371CAA372D00BC6600 /* CWRecommandTag.h */,
				C04917381CAA372D00BC6600 /* CWRecommandTag.m */,
			);
			path = Model;
			sourceTree = "<group>";
		};
		C099A3CB1CA7D373003F06A0 /* View */ = {
			isa = PBXGroup;
			children = (
				C04917321CAA32EF00BC6600 /* CWRecommandTagCell.h */,
				C04917331CAA32EF00BC6600 /* CWRecommandTagCell.m */,
				C04917341CAA32EF00BC6600 /* CWRecommandTagCell.xib */,
				C00A88131CBB2A38008B6465 /* CWTitleButton.h */,
				C00A88141CBB2A38008B6465 /* CWTitleButton.m */,
				C00A88291CBBBA53008B6465 /* CWAllTopicCell.h */,
				C00A882A1CBBBA53008B6465 /* CWAllTopicCell.m */,
				C00A882C1CBBD42A008B6465 /* CWAllTopicCell.xib */,
			);
			path = View;
			sourceTree = "<group>";
		};
		C099A3CC1CA7D373003F06A0 /* FriendTrend-关注 */ = {
			isa = PBXGroup;
			children = (
				C099A3CD1CA7D373003F06A0 /* Controller */,
				C099A3D01CA7D373003F06A0 /* Model */,
				C099A3D11CA7D373003F06A0 /* View */,
			);
			path = "FriendTrend-关注";
			sourceTree = "<group>";
		};
		C099A3CD1CA7D373003F06A0 /* Controller */ = {
			isa = PBXGroup;
			children = (
				C099A3CE1CA7D373003F06A0 /* CWFriendTrendViewController.h */,
				C099A3CF1CA7D373003F06A0 /* CWFriendTrendViewController.m */,
				C099A3FD1CA80FE6003F06A0 /* CWFriendTrendViewController.xib */,
				C099A3F81CA80EC2003F06A0 /* CWLoginRegisterViewController.h */,
				C099A3F91CA80EC2003F06A0 /* CWLoginRegisterViewController.m */,
				C099A3FA1CA80EC2003F06A0 /* CWLoginRegisterViewController.xib */,
			);
			path = Controller;
			sourceTree = "<group>";
		};
		C099A3D01CA7D373003F06A0 /* Model */ = {
			isa = PBXGroup;
			children = (
			);
			path = Model;
			sourceTree = "<group>";
		};
		C099A3D11CA7D373003F06A0 /* View */ = {
			isa = PBXGroup;
			children = (
				C099A4051CA914B6003F06A0 /* CWFastLoginRegisterButton.h */,
				C099A4061CA914B6003F06A0 /* CWFastLoginRegisterButton.m */,
				C099A40B1CA95314003F06A0 /* CWTextField.h */,
				C099A40C1CA95314003F06A0 /* CWTextField.m */,
			);
			path = View;
			sourceTree = "<group>";
		};
		C099A3D21CA7D373003F06A0 /* Main-主要 */ = {
			isa = PBXGroup;
			children = (
				C099A3D31CA7D373003F06A0 /* Controller */,
				C099A3D61CA7D373003F06A0 /* Model */,
				C099A3D71CA7D373003F06A0 /* View */,
			);
			path = "Main-主要";
			sourceTree = "<group>";
		};
		C099A3D31CA7D373003F06A0 /* Controller */ = {
			isa = PBXGroup;
			children = (
				C099A3D41CA7D373003F06A0 /* CWTabBarController.h */,
				C099A3D51CA7D373003F06A0 /* CWTabBarController.m */,
				C099A3F51CA7EBA0003F06A0 /* CWNavigationController.h */,
				C099A3F61CA7EBA0003F06A0 /* CWNavigationController.m */,
			);
			path = Controller;
			sourceTree = "<group>";
		};
		C099A3D61CA7D373003F06A0 /* Model */ = {
			isa = PBXGroup;
			children = (
			);
			path = Model;
			sourceTree = "<group>";
		};
		C099A3D71CA7D373003F06A0 /* View */ = {
			isa = PBXGroup;
			children = (
				C099A3D81CA7D373003F06A0 /* CWTabar.h */,
				C099A3D91CA7D373003F06A0 /* CWTabar.m */,
			);
			path = View;
			sourceTree = "<group>";
		};
		C099A3DA1CA7D373003F06A0 /* Me-我 */ = {
			isa = PBXGroup;
			children = (
				C099A3DB1CA7D373003F06A0 /* Controller */,
				C099A3DE1CA7D373003F06A0 /* Model */,
				C099A3DF1CA7D373003F06A0 /* View */,
			);
			path = "Me-我";
			sourceTree = "<group>";
		};
		C099A3DB1CA7D373003F06A0 /* Controller */ = {
			isa = PBXGroup;
			children = (
				C099A3DC1CA7D373003F06A0 /* CWMeViewController.h */,
				C099A3DD1CA7D373003F06A0 /* CWMeViewController.m */,
				C099A3F21CA7D676003F06A0 /* CWSettingViewController.h */,
				C099A3F31CA7D676003F06A0 /* CWSettingViewController.m */,
				C0A76B851CB75FEA00BA7C98 /* CWWebViewController.h */,
				C0A76B861CB75FEA00BA7C98 /* CWWebViewController.m */,
				C0A76B881CB7604800BA7C98 /* CWWebViewController.xib */,
			);
			path = Controller;
			sourceTree = "<group>";
		};
		C099A3DE1CA7D373003F06A0 /* Model */ = {
			isa = PBXGroup;
			children = (
				C07FF7A71CB5EDDE004CE729 /* CWMeSquare.h */,
				C07FF7A81CB5EDDE004CE729 /* CWMeSquare.m */,
			);
			path = Model;
			sourceTree = "<group>";
		};
		C099A3DF1CA7D373003F06A0 /* View */ = {
			isa = PBXGroup;
			children = (
				C07FF7AA1CB5EF01004CE729 /* CWMeSquareButton.h */,
				C07FF7AB1CB5EF01004CE729 /* CWMeSquareButton.m */,
				C07FF7A41CB50953004CE729 /* CWMeCell.h */,
				C07FF7A51CB50953004CE729 /* CWMeCell.m */,
				C07FF7AD1CB5F00F004CE729 /* CWMeFootView.h */,
				C07FF7AE1CB5F00F004CE729 /* CWMeFootView.m */,
				C0B19E551CB88EB800839D0B /* CWClearCacheCell.h */,
				C0B19E561CB88EB800839D0B /* CWClearCacheCell.m */,
				C0B19E581CB88F2800839D0B /* CWClearCacheCell.xib */,
				C0B19E5A1CB8926B00839D0B /* CWSettingCell.h */,
				C0B19E5B1CB8926B00839D0B /* CWSettingCell.m */,
			);
			path = View;
			sourceTree = "<group>";
		};
		C099A3E01CA7D373003F06A0 /* New-新帖 */ = {
			isa = PBXGroup;
			children = (
				C099A3E11CA7D373003F06A0 /* Controller */,
				C099A3E41CA7D373003F06A0 /* Model */,
				C099A3E51CA7D373003F06A0 /* View */,
			);
			path = "New-新帖";
			sourceTree = "<group>";
		};
		C099A3E11CA7D373003F06A0 /* Controller */ = {
			isa = PBXGroup;
			children = (
				C099A3E21CA7D373003F06A0 /* CWNewViewController.h */,
				C099A3E31CA7D373003F06A0 /* CWNewViewController.m */,
			);
			path = Controller;
			sourceTree = "<group>";
		};
		C099A3E41CA7D373003F06A0 /* Model */ = {
			isa = PBXGroup;
			children = (
			);
			path = Model;
			sourceTree = "<group>";
		};
		C099A3E51CA7D373003F06A0 /* View */ = {
			isa = PBXGroup;
			children = (
			);
			path = View;
			sourceTree = "<group>";
		};
		C099A3E61CA7D373003F06A0 /* Other-其它 */ = {
			isa = PBXGroup;
			children = (
				C099A3E71CA7D373003F06A0 /* Category */,
				C099A3E81CA7D373003F06A0 /* Controller */,
				C099A3E91CA7D373003F06A0 /* Model */,
				C099A3EB1CA7D373003F06A0 /* View */,
				C099A3EA1CA7D373003F06A0 /* PrefixHeader.pch */,
				C07FF79B1CB4B365004CE729 /* CWConst.h */,
				C07FF79C1CB4B365004CE729 /* CWConst.m */,
				C07FF7B01CB5FF96004CE729 /* CWHTTPSessionManager.h */,
				C07FF7B11CB5FF96004CE729 /* CWHTTPSessionManager.m */,
			);
			path = "Other-其它";
			sourceTree = "<group>";
		};
		C099A3E71CA7D373003F06A0 /* Category */ = {
			isa = PBXGroup;
			children = (
				C0B19E521CB88B3C00839D0B /* NSString+FileSize.h */,
				C0B19E531CB88B3C00839D0B /* NSString+FileSize.m */,
				C099A3FF1CA8BAF9003F06A0 /* UIBarButtonItem+CWExtention.h */,
				C099A4001CA8BAF9003F06A0 /* UIBarButtonItem+CWExtention.m */,
				C099A4021CA8BFC0003F06A0 /* UIView+CWFrame.h */,
				C099A4031CA8BFC1003F06A0 /* UIView+CWFrame.m */,
				C049173D1CACD86D00BC6600 /* UIImage+CWCircleImage.h */,
				C049173E1CACD86D00BC6600 /* UIImage+CWCircleImage.m */,
				C07FF7A11CB4F751004CE729 /* UIImageView+CWExtension.h */,
				C07FF7A21CB4F751004CE729 /* UIImageView+CWExtension.m */,
				C07FF7981CB4AD5A004CE729 /* NSObject+CWRuntime.h */,
				C07FF7991CB4AD5A004CE729 /* NSObject+CWRuntime.m */,
				C00A88331CBC992F008B6465 /* NSDate+CWExtension.h */,
				C00A88341CBC992F008B6465 /* NSDate+CWExtension.m */,
			);
			path = Category;
			sourceTree = "<group>";
		};
		C099A3E81CA7D373003F06A0 /* Controller */ = {
			isa = PBXGroup;
			children = (
			);
			path = Controller;
			sourceTree = "<group>";
		};
		C099A3E91CA7D373003F06A0 /* Model */ = {
			isa = PBXGroup;
			children = (
			);
			path = Model;
			sourceTree = "<group>";
		};
		C099A3EB1CA7D373003F06A0 /* View */ = {
			isa = PBXGroup;
			children = (
			);
			path = View;
			sourceTree = "<group>";
		};
/* End PBXGroup section */

/* Begin PBXNativeTarget section */
		C00A88391CBCAE55008B6465 /* NSDate */ = {
			isa = PBXNativeTarget;
			buildConfigurationList = C00A883E1CBCAE55008B6465 /* Build configuration list for PBXNativeTarget "NSDate" */;
			buildPhases = (
				C00A88361CBCAE55008B6465 /* Sources */,
				C00A88371CBCAE55008B6465 /* Frameworks */,
				C00A88381CBCAE55008B6465 /* CopyFiles */,
			);
			buildRules = (
			);
			dependencies = (
			);
			name = NSDate;
			productName = NSDate;
			productReference = C00A883A1CBCAE55008B6465 /* NSDate */;
			productType = "com.apple.product-type.tool";
		};
		C010D45C1C8DA04D00441E94 /* CWBSBDJ */ = {
			isa = PBXNativeTarget;
			buildConfigurationList = C010D48A1C8DA04D00441E94 /* Build configuration list for PBXNativeTarget "CWBSBDJ" */;
			buildPhases = (
				538D5C6F45F3639EA4852463 /* Check Pods Manifest.lock */,
				C010D4591C8DA04D00441E94 /* Sources */,
				C010D45A1C8DA04D00441E94 /* Frameworks */,
				C010D45B1C8DA04D00441E94 /* Resources */,
				3D2EEA9FEC8B2AA774E64520 /* Embed Pods Frameworks */,
				A63DF2195DB11BF157BD05C1 /* Copy Pods Resources */,
			);
			buildRules = (
			);
			dependencies = (
			);
			name = CWBSBDJ;
			productName = CWBSBDJ;
			productReference = C010D45D1C8DA04D00441E94 /* CWBSBDJ.app */;
			productType = "com.apple.product-type.application";
		};
		C010D4751C8DA04D00441E94 /* CWBSBDJTests */ = {
			isa = PBXNativeTarget;
			buildConfigurationList = C010D48D1C8DA04D00441E94 /* Build configuration list for PBXNativeTarget "CWBSBDJTests" */;
			buildPhases = (
				C010D4721C8DA04D00441E94 /* Sources */,
				C010D4731C8DA04D00441E94 /* Frameworks */,
				C010D4741C8DA04D00441E94 /* Resources */,
			);
			buildRules = (
			);
			dependencies = (
				C010D4781C8DA04D00441E94 /* PBXTargetDependency */,
			);
			name = CWBSBDJTests;
			productName = CWBSBDJTests;
			productReference = C010D4761C8DA04D00441E94 /* CWBSBDJTests.xctest */;
			productType = "com.apple.product-type.bundle.unit-test";
		};
		C010D4801C8DA04D00441E94 /* CWBSBDJUITests */ = {
			isa = PBXNativeTarget;
			buildConfigurationList = C010D4901C8DA04D00441E94 /* Build configuration list for PBXNativeTarget "CWBSBDJUITests" */;
			buildPhases = (
				C010D47D1C8DA04D00441E94 /* Sources */,
				C010D47E1C8DA04D00441E94 /* Frameworks */,
				C010D47F1C8DA04D00441E94 /* Resources */,
			);
			buildRules = (
			);
			dependencies = (
				C010D4831C8DA04D00441E94 /* PBXTargetDependency */,
			);
			name = CWBSBDJUITests;
			productName = CWBSBDJUITests;
			productReference = C010D4811C8DA04D00441E94 /* CWBSBDJUITests.xctest */;
			productType = "com.apple.product-type.bundle.ui-testing";
		};
/* End PBXNativeTarget section */

/* Begin PBXProject section */
		C010D4551C8DA04D00441E94 /* Project object */ = {
			isa = PBXProject;
			attributes = {
				CLASSPREFIX = CW;
				LastUpgradeCheck = 0720;
				ORGANIZATIONNAME = CW;
				TargetAttributes = {
					C00A88391CBCAE55008B6465 = {
						CreatedOnToolsVersion = 7.3;
					};
					C010D45C1C8DA04D00441E94 = {
						CreatedOnToolsVersion = 7.2;
						DevelopmentTeam = 6K9K557VQC;
					};
					C010D4751C8DA04D00441E94 = {
						CreatedOnToolsVersion = 7.2;
						DevelopmentTeam = 6K9K557VQC;
						TestTargetID = C010D45C1C8DA04D00441E94;
					};
					C010D4801C8DA04D00441E94 = {
						CreatedOnToolsVersion = 7.2;
						DevelopmentTeam = 6K9K557VQC;
						TestTargetID = C010D45C1C8DA04D00441E94;
					};
				};
			};
			buildConfigurationList = C010D4581C8DA04D00441E94 /* Build configuration list for PBXProject "CWBSBDJ" */;
			compatibilityVersion = "Xcode 3.2";
			developmentRegion = English;
			hasScannedForEncodings = 0;
			knownRegions = (
				en,
				Base,
			);
			mainGroup = C010D4541C8DA04D00441E94;
			productRefGroup = C010D45E1C8DA04D00441E94 /* Products */;
			projectDirPath = "";
			projectRoot = "";
			targets = (
				C010D45C1C8DA04D00441E94 /* CWBSBDJ */,
				C010D4751C8DA04D00441E94 /* CWBSBDJTests */,
				C010D4801C8DA04D00441E94 /* CWBSBDJUITests */,
				C00A88391CBCAE55008B6465 /* NSDate */,
			);
		};
/* End PBXProject section */

/* Begin PBXResourcesBuildPhase section */
		C010D45B1C8DA04D00441E94 /* Resources */ = {
			isa = PBXResourcesBuildPhase;
			buildActionMask = 2147483647;
			files = (
				C04917361CAA32EF00BC6600 /* CWRecommandTagCell.xib in Resources */,
				C099A3FE1CA80FE6003F06A0 /* CWFriendTrendViewController.xib in Resources */,
				C010D46D1C8DA04D00441E94 /* Assets.xcassets in Resources */,
				C099A3FC1CA80EC2003F06A0 /* CWLoginRegisterViewController.xib in Resources */,
				C0B19E591CB88F2800839D0B /* CWClearCacheCell.xib in Resources */,
				C00A882D1CBBD42A008B6465 /* CWAllTopicCell.xib in Resources */,
				C0A76B891CB7604800BA7C98 /* CWWebViewController.xib in Resources */,
			);
			runOnlyForDeploymentPostprocessing = 0;
		};
		C010D4741C8DA04D00441E94 /* Resources */ = {
			isa = PBXResourcesBuildPhase;
			buildActionMask = 2147483647;
			files = (
			);
			runOnlyForDeploymentPostprocessing = 0;
		};
		C010D47F1C8DA04D00441E94 /* Resources */ = {
			isa = PBXResourcesBuildPhase;
			buildActionMask = 2147483647;
			files = (
			);
			runOnlyForDeploymentPostprocessing = 0;
		};
/* End PBXResourcesBuildPhase section */

/* Begin PBXShellScriptBuildPhase section */
		3D2EEA9FEC8B2AA774E64520 /* Embed Pods Frameworks */ = {
			isa = PBXShellScriptBuildPhase;
			buildActionMask = 2147483647;
			files = (
			);
			inputPaths = (
			);
			name = "Embed Pods Frameworks";
			outputPaths = (
			);
			runOnlyForDeploymentPostprocessing = 0;
			shellPath = /bin/sh;
			shellScript = "\"${SRCROOT}/Pods/Target Support Files/Pods-CWBSBDJ/Pods-CWBSBDJ-frameworks.sh\"\n";
			showEnvVarsInLog = 0;
		};
		538D5C6F45F3639EA4852463 /* Check Pods Manifest.lock */ = {
			isa = PBXShellScriptBuildPhase;
			buildActionMask = 2147483647;
			files = (
			);
			inputPaths = (
			);
			name = "Check Pods Manifest.lock";
			outputPaths = (
			);
			runOnlyForDeploymentPostprocessing = 0;
			shellPath = /bin/sh;
			shellScript = "diff \"${PODS_ROOT}/../Podfile.lock\" \"${PODS_ROOT}/Manifest.lock\" > /dev/null\nif [[ $? != 0 ]] ; then\n    cat << EOM\nerror: The sandbox is not in sync with the Podfile.lock. Run 'pod install' or update your CocoaPods installation.\nEOM\n    exit 1\nfi\n";
			showEnvVarsInLog = 0;
		};
		A63DF2195DB11BF157BD05C1 /* Copy Pods Resources */ = {
			isa = PBXShellScriptBuildPhase;
			buildActionMask = 2147483647;
			files = (
			);
			inputPaths = (
			);
			name = "Copy Pods Resources";
			outputPaths = (
			);
			runOnlyForDeploymentPostprocessing = 0;
			shellPath = /bin/sh;
			shellScript = "\"${SRCROOT}/Pods/Target Support Files/Pods-CWBSBDJ/Pods-CWBSBDJ-resources.sh\"\n";
			showEnvVarsInLog = 0;
		};
/* End PBXShellScriptBuildPhase section */

/* Begin PBXSourcesBuildPhase section */
		C00A88361CBCAE55008B6465 /* Sources */ = {
			isa = PBXSourcesBuildPhase;
			buildActionMask = 2147483647;
			files = (
			);
			runOnlyForDeploymentPostprocessing = 0;
		};
		C010D4591C8DA04D00441E94 /* Sources */ = {
			isa = PBXSourcesBuildPhase;
			buildActionMask = 2147483647;
			files = (
				C07FF79A1CB4AD5A004CE729 /* NSObject+CWRuntime.m in Sources */,
				C07FF7AC1CB5EF01004CE729 /* CWMeSquareButton.m in Sources */,
				C00A882B1CBBBA53008B6465 /* CWAllTopicCell.m in Sources */,
				C00A88151CBB2A38008B6465 /* CWTitleButton.m in Sources */,
				C010D4651C8DA04D00441E94 /* AppDelegate.m in Sources */,
				C0A76B871CB75FEA00BA7C98 /* CWWebViewController.m in Sources */,
				C04917351CAA32EF00BC6600 /* CWRecommandTagCell.m in Sources */,
				C099A4041CA8BFC1003F06A0 /* UIView+CWFrame.m in Sources */,
				C00A88351CBC992F008B6465 /* NSDate+CWExtension.m in Sources */,
				C099A4011CA8BAF9003F06A0 /* UIBarButtonItem+CWExtention.m in Sources */,
				C04917301CAA31EE00BC6600 /* CWRecommandTagViewController.m in Sources */,
				C099A3F01CA7D373003F06A0 /* CWMeViewController.m in Sources */,
				C07FF7AF1CB5F00F004CE729 /* CWMeFootView.m in Sources */,
				C099A4071CA914B6003F06A0 /* CWFastLoginRegisterButton.m in Sources */,
				C0B19E5C1CB8926B00839D0B /* CWSettingCell.m in Sources */,
				C099A3ED1CA7D373003F06A0 /* CWFriendTrendViewController.m in Sources */,
				C07FF7B21CB5FF96004CE729 /* CWHTTPSessionManager.m in Sources */,
				C099A3EE1CA7D373003F06A0 /* CWTabBarController.m in Sources */,
				C099A40D1CA95314003F06A0 /* CWTextField.m in Sources */,
				C07FF79D1CB4B365004CE729 /* CWConst.m in Sources */,
				C07FF7A91CB5EDDF004CE729 /* CWMeSquare.m in Sources */,
				C00A881F1CBB6BF4008B6465 /* CWVoiceTableViewController.m in Sources */,
				C07FF7A31CB4F751004CE729 /* UIImageView+CWExtension.m in Sources */,
				C07FF7A61CB50953004CE729 /* CWMeCell.m in Sources */,
				C00A881C1CBB6B76008B6465 /* CWVideoTableViewController.m in Sources */,
				C099A3F11CA7D373003F06A0 /* CWNewViewController.m in Sources */,
				C0B19E571CB88EB800839D0B /* CWClearCacheCell.m in Sources */,
				C00A88321CBBDB74008B6465 /* CWTopic.m in Sources */,
				C099A3F71CA7EBA0003F06A0 /* CWNavigationController.m in Sources */,
				C00A88251CBB6C4C008B6465 /* CWWordTableViewController.m in Sources */,
				C099A3F41CA7D676003F06A0 /* CWSettingViewController.m in Sources */,
				C010D4621C8DA04D00441E94 /* main.m in Sources */,
				C099A3FB1CA80EC2003F06A0 /* CWLoginRegisterViewController.m in Sources */,
				C049173F1CACD86D00BC6600 /* UIImage+CWCircleImage.m in Sources */,
				C00A88221CBB6C24008B6465 /* CWPictureTableViewController.m in Sources */,
				C00A88191CBB5727008B6465 /* CWAllTopicTableViewController.m in Sources */,
				C099A3EF1CA7D373003F06A0 /* CWTabar.m in Sources */,
				C0B19E541CB88B3C00839D0B /* NSString+FileSize.m in Sources */,
				C099A3EC1CA7D373003F06A0 /* CWEssenceViewController.m in Sources */,
				C04917391CAA372D00BC6600 /* CWRecommandTag.m in Sources */,
			);
			runOnlyForDeploymentPostprocessing = 0;
		};
		C010D4721C8DA04D00441E94 /* Sources */ = {
			isa = PBXSourcesBuildPhase;
			buildActionMask = 2147483647;
			files = (
				C010D47B1C8DA04D00441E94 /* CWBSBDJTests.m in Sources */,
			);
			runOnlyForDeploymentPostprocessing = 0;
		};
		C010D47D1C8DA04D00441E94 /* Sources */ = {
			isa = PBXSourcesBuildPhase;
			buildActionMask = 2147483647;
			files = (
				C010D4861C8DA04D00441E94 /* CWBSBDJUITests.m in Sources */,
			);
			runOnlyForDeploymentPostprocessing = 0;
		};
/* End PBXSourcesBuildPhase section */

/* Begin PBXTargetDependency section */
		C010D4781C8DA04D00441E94 /* PBXTargetDependency */ = {
			isa = PBXTargetDependency;
			target = C010D45C1C8DA04D00441E94 /* CWBSBDJ */;
			targetProxy = C010D4771C8DA04D00441E94 /* PBXContainerItemProxy */;
		};
		C010D4831C8DA04D00441E94 /* PBXTargetDependency */ = {
			isa = PBXTargetDependency;
			target = C010D45C1C8DA04D00441E94 /* CWBSBDJ */;
			targetProxy = C010D4821C8DA04D00441E94 /* PBXContainerItemProxy */;
		};
/* End PBXTargetDependency section */

/* Begin XCBuildConfiguration section */
		C00A883F1CBCAE55008B6465 /* Debug */ = {
			isa = XCBuildConfiguration;
			buildSettings = {
				CLANG_ANALYZER_NONNULL = YES;
				CODE_SIGN_IDENTITY = "-";
				MACOSX_DEPLOYMENT_TARGET = 10.11;
				PRODUCT_NAME = "$(TARGET_NAME)";
				SDKROOT = macosx;
			};
			name = Debug;
		};
		C00A88401CBCAE55008B6465 /* Release */ = {
			isa = XCBuildConfiguration;
			buildSettings = {
				CLANG_ANALYZER_NONNULL = YES;
				CODE_SIGN_IDENTITY = "-";
				MACOSX_DEPLOYMENT_TARGET = 10.11;
				PRODUCT_NAME = "$(TARGET_NAME)";
				SDKROOT = macosx;
			};
			name = Release;
		};
		C010D4881C8DA04D00441E94 /* Debug */ = {
			isa = XCBuildConfiguration;
			buildSettings = {
				ALWAYS_SEARCH_USER_PATHS = NO;
				CLANG_CXX_LANGUAGE_STANDARD = "gnu++0x";
				CLANG_CXX_LIBRARY = "libc++";
				CLANG_ENABLE_MODULES = YES;
				CLANG_ENABLE_OBJC_ARC = YES;
				CLANG_WARN_BOOL_CONVERSION = YES;
				CLANG_WARN_CONSTANT_CONVERSION = YES;
				CLANG_WARN_DIRECT_OBJC_ISA_USAGE = YES_ERROR;
				CLANG_WARN_EMPTY_BODY = YES;
				CLANG_WARN_ENUM_CONVERSION = YES;
				CLANG_WARN_INT_CONVERSION = YES;
				CLANG_WARN_OBJC_ROOT_CLASS = YES_ERROR;
				CLANG_WARN_UNREACHABLE_CODE = YES;
				CLANG_WARN__DUPLICATE_METHOD_MATCH = YES;
				"CODE_SIGN_IDENTITY[sdk=iphoneos*]" = "iPhone Developer";
				COPY_PHASE_STRIP = NO;
				DEBUG_INFORMATION_FORMAT = dwarf;
				ENABLE_STRICT_OBJC_MSGSEND = YES;
				ENABLE_TESTABILITY = YES;
				GCC_C_LANGUAGE_STANDARD = gnu99;
				GCC_DYNAMIC_NO_PIC = NO;
				GCC_NO_COMMON_BLOCKS = YES;
				GCC_OPTIMIZATION_LEVEL = 0;
				GCC_PREPROCESSOR_DEFINITIONS = (
					"DEBUG=1",
					"$(inherited)",
				);
				GCC_WARN_64_TO_32_BIT_CONVERSION = YES;
				GCC_WARN_ABOUT_RETURN_TYPE = YES_ERROR;
				GCC_WARN_UNDECLARED_SELECTOR = YES;
				GCC_WARN_UNINITIALIZED_AUTOS = YES_AGGRESSIVE;
				GCC_WARN_UNUSED_FUNCTION = YES;
				GCC_WARN_UNUSED_VARIABLE = YES;
				IPHONEOS_DEPLOYMENT_TARGET = 8.0;
				MTL_ENABLE_DEBUG_INFO = YES;
				ONLY_ACTIVE_ARCH = YES;
				SDKROOT = iphoneos;
			};
			name = Debug;
		};
		C010D4891C8DA04D00441E94 /* Release */ = {
			isa = XCBuildConfiguration;
			buildSettings = {
				ALWAYS_SEARCH_USER_PATHS = NO;
				CLANG_CXX_LANGUAGE_STANDARD = "gnu++0x";
				CLANG_CXX_LIBRARY = "libc++";
				CLANG_ENABLE_MODULES = YES;
				CLANG_ENABLE_OBJC_ARC = YES;
				CLANG_WARN_BOOL_CONVERSION = YES;
				CLANG_WARN_CONSTANT_CONVERSION = YES;
				CLANG_WARN_DIRECT_OBJC_ISA_USAGE = YES_ERROR;
				CLANG_WARN_EMPTY_BODY = YES;
				CLANG_WARN_ENUM_CONVERSION = YES;
				CLANG_WARN_INT_CONVERSION = YES;
				CLANG_WARN_OBJC_ROOT_CLASS = YES_ERROR;
				CLANG_WARN_UNREACHABLE_CODE = YES;
				CLANG_WARN__DUPLICATE_METHOD_MATCH = YES;
				"CODE_SIGN_IDENTITY[sdk=iphoneos*]" = "iPhone Developer";
				COPY_PHASE_STRIP = NO;
				DEBUG_INFORMATION_FORMAT = "dwarf-with-dsym";
				ENABLE_NS_ASSERTIONS = NO;
				ENABLE_STRICT_OBJC_MSGSEND = YES;
				GCC_C_LANGUAGE_STANDARD = gnu99;
				GCC_NO_COMMON_BLOCKS = YES;
				GCC_WARN_64_TO_32_BIT_CONVERSION = YES;
				GCC_WARN_ABOUT_RETURN_TYPE = YES_ERROR;
				GCC_WARN_UNDECLARED_SELECTOR = YES;
				GCC_WARN_UNINITIALIZED_AUTOS = YES_AGGRESSIVE;
				GCC_WARN_UNUSED_FUNCTION = YES;
				GCC_WARN_UNUSED_VARIABLE = YES;
				IPHONEOS_DEPLOYMENT_TARGET = 8.0;
				MTL_ENABLE_DEBUG_INFO = NO;
				SDKROOT = iphoneos;
				VALIDATE_PRODUCT = YES;
			};
			name = Release;
		};
		C010D48B1C8DA04D00441E94 /* Debug */ = {
			isa = XCBuildConfiguration;
			baseConfigurationReference = 4062D9BA8BC7BD0837FFCB89 /* Pods-CWBSBDJ.debug.xcconfig */;
			buildSettings = {
				ASSETCATALOG_COMPILER_APPICON_NAME = AppIcon;
				ASSETCATALOG_COMPILER_LAUNCHIMAGE_NAME = "Brand Assets";
				GCC_PRECOMPILE_PREFIX_HEADER = NO;
				GCC_PREFIX_HEADER = "/Users/cw/Desktop/笔记整理及练习/百思不得姐-四期/CWBSBDJ/CWBSBDJ/Classes/Other-其它/PrefixHeader.pch";
				INFOPLIST_FILE = CWBSBDJ/Info.plist;
				LD_RUNPATH_SEARCH_PATHS = "$(inherited) @executable_path/Frameworks";
				PRODUCT_BUNDLE_IDENTIFIER = chenwei.CWBSBDJ;
				PRODUCT_NAME = "$(TARGET_NAME)";
			};
			name = Debug;
		};
		C010D48C1C8DA04D00441E94 /* Release */ = {
			isa = XCBuildConfiguration;
			baseConfigurationReference = 71C039388C31243C86E03200 /* Pods-CWBSBDJ.release.xcconfig */;
			buildSettings = {
				ASSETCATALOG_COMPILER_APPICON_NAME = AppIcon;
				ASSETCATALOG_COMPILER_LAUNCHIMAGE_NAME = "Brand Assets";
				GCC_PRECOMPILE_PREFIX_HEADER = NO;
				GCC_PREFIX_HEADER = "/Users/cw/Desktop/笔记整理及练习/百思不得姐-四期/CWBSBDJ/CWBSBDJ/Classes/Other-其它/PrefixHeader.pch";
				INFOPLIST_FILE = CWBSBDJ/Info.plist;
				LD_RUNPATH_SEARCH_PATHS = "$(inherited) @executable_path/Frameworks";
				PRODUCT_BUNDLE_IDENTIFIER = chenwei.CWBSBDJ;
				PRODUCT_NAME = "$(TARGET_NAME)";
			};
			name = Release;
		};
		C010D48E1C8DA04D00441E94 /* Debug */ = {
			isa = XCBuildConfiguration;
			buildSettings = {
				BUNDLE_LOADER = "$(TEST_HOST)";
				INFOPLIST_FILE = CWBSBDJTests/Info.plist;
				LD_RUNPATH_SEARCH_PATHS = "$(inherited) @executable_path/Frameworks @loader_path/Frameworks";
				PRODUCT_BUNDLE_IDENTIFIER = chenwei.CWBSBDJTests;
				PRODUCT_NAME = "$(TARGET_NAME)";
				TEST_HOST = "$(BUILT_PRODUCTS_DIR)/CWBSBDJ.app/CWBSBDJ";
			};
			name = Debug;
		};
		C010D48F1C8DA04D00441E94 /* Release */ = {
			isa = XCBuildConfiguration;
			buildSettings = {
				BUNDLE_LOADER = "$(TEST_HOST)";
				INFOPLIST_FILE = CWBSBDJTests/Info.plist;
				LD_RUNPATH_SEARCH_PATHS = "$(inherited) @executable_path/Frameworks @loader_path/Frameworks";
				PRODUCT_BUNDLE_IDENTIFIER = chenwei.CWBSBDJTests;
				PRODUCT_NAME = "$(TARGET_NAME)";
				TEST_HOST = "$(BUILT_PRODUCTS_DIR)/CWBSBDJ.app/CWBSBDJ";
			};
			name = Release;
		};
		C010D4911C8DA04D00441E94 /* Debug */ = {
			isa = XCBuildConfiguration;
			buildSettings = {
				INFOPLIST_FILE = CWBSBDJUITests/Info.plist;
				LD_RUNPATH_SEARCH_PATHS = "$(inherited) @executable_path/Frameworks @loader_path/Frameworks";
				PRODUCT_BUNDLE_IDENTIFIER = chenwei.CWBSBDJUITests;
				PRODUCT_NAME = "$(TARGET_NAME)";
				TEST_TARGET_NAME = CWBSBDJ;
				USES_XCTRUNNER = YES;
			};
			name = Debug;
		};
		C010D4921C8DA04D00441E94 /* Release */ = {
			isa = XCBuildConfiguration;
			buildSettings = {
				INFOPLIST_FILE = CWBSBDJUITests/Info.plist;
				LD_RUNPATH_SEARCH_PATHS = "$(inherited) @executable_path/Frameworks @loader_path/Frameworks";
				PRODUCT_BUNDLE_IDENTIFIER = chenwei.CWBSBDJUITests;
				PRODUCT_NAME = "$(TARGET_NAME)";
				TEST_TARGET_NAME = CWBSBDJ;
				USES_XCTRUNNER = YES;
			};
			name = Release;
		};
/* End XCBuildConfiguration section */

/* Begin XCConfigurationList section */
		C00A883E1CBCAE55008B6465 /* Build configuration list for PBXNativeTarget "NSDate" */ = {
			isa = XCConfigurationList;
			buildConfigurations = (
				C00A883F1CBCAE55008B6465 /* Debug */,
				C00A88401CBCAE55008B6465 /* Release */,
			);
			defaultConfigurationIsVisible = 0;
		};
		C010D4581C8DA04D00441E94 /* Build configuration list for PBXProject "CWBSBDJ" */ = {
			isa = XCConfigurationList;
			buildConfigurations = (
				C010D4881C8DA04D00441E94 /* Debug */,
				C010D4891C8DA04D00441E94 /* Release */,
			);
			defaultConfigurationIsVisible = 0;
			defaultConfigurationName = Release;
		};
		C010D48A1C8DA04D00441E94 /* Build configuration list for PBXNativeTarget "CWBSBDJ" */ = {
			isa = XCConfigurationList;
			buildConfigurations = (
				C010D48B1C8DA04D00441E94 /* Debug */,
				C010D48C1C8DA04D00441E94 /* Release */,
			);
			defaultConfigurationIsVisible = 0;
			defaultConfigurationName = Release;
		};
		C010D48D1C8DA04D00441E94 /* Build configuration list for PBXNativeTarget "CWBSBDJTests" */ = {
			isa = XCConfigurationList;
			buildConfigurations = (
				C010D48E1C8DA04D00441E94 /* Debug */,
				C010D48F1C8DA04D00441E94 /* Release */,
			);
			defaultConfigurationIsVisible = 0;
			defaultConfigurationName = Release;
		};
		C010D4901C8DA04D00441E94 /* Build configuration list for PBXNativeTarget "CWBSBDJUITests" */ = {
			isa = XCConfigurationList;
			buildConfigurations = (
				C010D4911C8DA04D00441E94 /* Debug */,
				C010D4921C8DA04D00441E94 /* Release */,
			);
			defaultConfigurationIsVisible = 0;
			defaultConfigurationName = Release;
		};
/* End XCConfigurationList section */
	};
	rootObject = C010D4551C8DA04D00441E94 /* Project object */;
}
